
Microsoft Visual Studio Solution File, Format Version 12.00
# Visual Studio Version 17
VisualStudioVersion = 17.14.36603.0 d17.14
MinimumVisualStudioVersion = 10.0.40219.1
Project("{FAE04EC0-301F-11D3-BF4B-00C04F79EFBC}") = "NotificationService", "NotificationService.csproj", "{DB977938-3455-4A84-8327-424E94869823}"
EndProject
Global
	GlobalSection(SolutionConfigurationPlatforms) = preSolution
		Debug|Any CPU = Debug|Any CPU
		Release|Any CPU = Release|Any CPU
	EndGlobalSection
	GlobalSection(ProjectConfigurationPlatforms) = postSolution
		{DB977938-3455-4A84-8327-424E94869823}.Debug|Any CPU.ActiveCfg = Debug|Any CPU
		{DB977938-3455-4A84-8327-424E94869823}.Debug|Any CPU.Build.0 = Debug|Any CPU
		{DB977938-3455-4A84-8327-424E94869823}.Release|Any CPU.ActiveCfg = Release|Any CPU
		{DB977938-3455-4A84-8327-424E94869823}.Release|Any CPU.Build.0 = Release|Any CPU
	EndGlobalSection
	GlobalSection(SolutionProperties) = preSolution
		HideSolutionNode = FALSE
	EndGlobalSection
	GlobalSection(ExtensibilityGlobals) = postSolution
		SolutionGuid = {FCC3FBE8-F0DA-4919-93D2-55A798BD9748}
	EndGlobalSection
EndGlobal
